
Microsoft Visual Studio Solution File, Format Version 12.00
# Visual Studio Version 17
VisualStudioVersion = 17.3.32929.385
MinimumVisualStudioVersion = 10.0.40219.1
Project("{8BC9CEB8-8B4A-11D0-8D11-00A0C91BC942}") = "Project1", "Project1\Project1.vcxproj", "{30CA608D-9561-4495-A6BF-CA92B3C50E64}"
EndProject
Global
	GlobalSection(SolutionConfigurationPlatforms) = preSolution
		Debug|x64 = Debug|x64
		Debug|x86 = Debug|x86
		Release|x64 = Release|x64
		Release|x86 = Release|x86
	EndGlobalSection
	GlobalSection(ProjectConfigurationPlatforms) = postSolution
		{30CA608D-9561-4495-A6BF-CA92B3C50E64}.Debug|x64.ActiveCfg = Debug|x64
		{30CA608D-9561-4495-A6BF-CA92B3C50E64}.Debug|x64.Build.0 = Debug|x64
		{30CA608D-9561-4495-A6BF-CA92B3C50E64}.Debug|x86.ActiveCfg = Debug|Win32
		{30CA608D-9561-4495-A6BF-CA92B3C50E64}.Debug|x86.Build.0 = Debug|Win32
		{30CA608D-9561-4495-A6BF-CA92B3C50E64}.Release|x64.ActiveCfg = Release|x64
		{30CA608D-9561-4495-A6BF-CA92B3C50E64}.Release|x64.Build.0 = Release|x64
		{30CA608D-9561-4495-A6BF-CA92B3C50E64}.Release|x86.ActiveCfg = Release|Win32
		{30CA608D-9561-4495-A6BF-CA92B3C50E64}.Release|x86.Build.0 = Release|Win32
	EndGlobalSection
	GlobalSection(SolutionProperties) = preSolution
		HideSolutionNode = FALSE
	EndGlobalSection
	GlobalSection(ExtensibilityGlobals) = postSolution
		SolutionGuid = {C749DB18-A3B3-44ED-9675-A6C32344DD2E}
	EndGlobalSection
EndGlobal
