
Microsoft Visual Studio Solution File, Format Version 12.00
# Visual Studio Version 17
VisualStudioVersion = 17.3.32929.385
MinimumVisualStudioVersion = 10.0.40219.1
Project("{8BC9CEB8-8B4A-11D0-8D11-00A0C91BC942}") = "第七章_text14", "第七章_text14\第七章_text14.vcxproj", "{B7036F92-5FBC-47B4-8C68-0BBA6D504397}"
EndProject
Global
	GlobalSection(SolutionConfigurationPlatforms) = preSolution
		Debug|x64 = Debug|x64
		Debug|x86 = Debug|x86
		Release|x64 = Release|x64
		Release|x86 = Release|x86
	EndGlobalSection
	GlobalSection(ProjectConfigurationPlatforms) = postSolution
		{B7036F92-5FBC-47B4-8C68-0BBA6D504397}.Debug|x64.ActiveCfg = Debug|x64
		{B7036F92-5FBC-47B4-8C68-0BBA6D504397}.Debug|x64.Build.0 = Debug|x64
		{B7036F92-5FBC-47B4-8C68-0BBA6D504397}.Debug|x86.ActiveCfg = Debug|Win32
		{B7036F92-5FBC-47B4-8C68-0BBA6D504397}.Debug|x86.Build.0 = Debug|Win32
		{B7036F92-5FBC-47B4-8C68-0BBA6D504397}.Release|x64.ActiveCfg = Release|x64
		{B7036F92-5FBC-47B4-8C68-0BBA6D504397}.Release|x64.Build.0 = Release|x64
		{B7036F92-5FBC-47B4-8C68-0BBA6D504397}.Release|x86.ActiveCfg = Release|Win32
		{B7036F92-5FBC-47B4-8C68-0BBA6D504397}.Release|x86.Build.0 = Release|Win32
	EndGlobalSection
	GlobalSection(SolutionProperties) = preSolution
		HideSolutionNode = FALSE
	EndGlobalSection
	GlobalSection(ExtensibilityGlobals) = postSolution
		SolutionGuid = {9001D99F-E885-4974-827F-D97AFD1F13F9}
	EndGlobalSection
EndGlobal
