
Microsoft Visual Studio Solution File, Format Version 12.00
# Visual Studio Version 17
VisualStudioVersion = 17.3.32901.215
MinimumVisualStudioVersion = 10.0.40219.1
Project("{8BC9CEB8-8B4A-11D0-8D11-00A0C91BC942}") = "第四章_text10(2)", "第四章_text10(2)\第四章_text10(2).vcxproj", "{F9FB648B-BE8D-437E-9377-B4621947525C}"
EndProject
Global
	GlobalSection(SolutionConfigurationPlatforms) = preSolution
		Debug|x64 = Debug|x64
		Debug|x86 = Debug|x86
		Release|x64 = Release|x64
		Release|x86 = Release|x86
	EndGlobalSection
	GlobalSection(ProjectConfigurationPlatforms) = postSolution
		{F9FB648B-BE8D-437E-9377-B4621947525C}.Debug|x64.ActiveCfg = Debug|x64
		{F9FB648B-BE8D-437E-9377-B4621947525C}.Debug|x64.Build.0 = Debug|x64
		{F9FB648B-BE8D-437E-9377-B4621947525C}.Debug|x86.ActiveCfg = Debug|Win32
		{F9FB648B-BE8D-437E-9377-B4621947525C}.Debug|x86.Build.0 = Debug|Win32
		{F9FB648B-BE8D-437E-9377-B4621947525C}.Release|x64.ActiveCfg = Release|x64
		{F9FB648B-BE8D-437E-9377-B4621947525C}.Release|x64.Build.0 = Release|x64
		{F9FB648B-BE8D-437E-9377-B4621947525C}.Release|x86.ActiveCfg = Release|Win32
		{F9FB648B-BE8D-437E-9377-B4621947525C}.Release|x86.Build.0 = Release|Win32
	EndGlobalSection
	GlobalSection(SolutionProperties) = preSolution
		HideSolutionNode = FALSE
	EndGlobalSection
	GlobalSection(ExtensibilityGlobals) = postSolution
		SolutionGuid = {59E38AFA-D3E7-4951-B5EF-96893F189578}
	EndGlobalSection
EndGlobal
