
Microsoft Visual Studio Solution File, Format Version 12.00
# Visual Studio Version 17
VisualStudioVersion = 17.3.32922.545
MinimumVisualStudioVersion = 10.0.40219.1
Project("{8BC9CEB8-8B4A-11D0-8D11-00A0C91BC942}") = "第六章_text6", "第六章_text6\第六章_text6.vcxproj", "{A8B38F1F-5684-414E-9356-7BB28C308F61}"
EndProject
Global
	GlobalSection(SolutionConfigurationPlatforms) = preSolution
		Debug|x64 = Debug|x64
		Debug|x86 = Debug|x86
		Release|x64 = Release|x64
		Release|x86 = Release|x86
	EndGlobalSection
	GlobalSection(ProjectConfigurationPlatforms) = postSolution
		{A8B38F1F-5684-414E-9356-7BB28C308F61}.Debug|x64.ActiveCfg = Debug|x64
		{A8B38F1F-5684-414E-9356-7BB28C308F61}.Debug|x64.Build.0 = Debug|x64
		{A8B38F1F-5684-414E-9356-7BB28C308F61}.Debug|x86.ActiveCfg = Debug|Win32
		{A8B38F1F-5684-414E-9356-7BB28C308F61}.Debug|x86.Build.0 = Debug|Win32
		{A8B38F1F-5684-414E-9356-7BB28C308F61}.Release|x64.ActiveCfg = Release|x64
		{A8B38F1F-5684-414E-9356-7BB28C308F61}.Release|x64.Build.0 = Release|x64
		{A8B38F1F-5684-414E-9356-7BB28C308F61}.Release|x86.ActiveCfg = Release|Win32
		{A8B38F1F-5684-414E-9356-7BB28C308F61}.Release|x86.Build.0 = Release|Win32
	EndGlobalSection
	GlobalSection(SolutionProperties) = preSolution
		HideSolutionNode = FALSE
	EndGlobalSection
	GlobalSection(ExtensibilityGlobals) = postSolution
		SolutionGuid = {85D58B3D-9FF8-47B4-B20E-BB77A1D50E2B}
	EndGlobalSection
EndGlobal
